
Microsoft Visual Studio Solution File, Format Version 12.00
# Visual Studio Version 17
VisualStudioVersion = 17.6.33723.286
MinimumVisualStudioVersion = 10.0.40219.1
Project("{FAE04EC0-301F-11D3-BF4B-00C04F79EFBC}") = "ScreenSound-04", "ScreenSound-04\ScreenSound-04.csproj", "{0D68B4AB-2B9A-426B-9EEA-37E25DECA9A3}"
EndProject
Global
	GlobalSection(SolutionConfigurationPlatforms) = preSolution
		Debug|Any CPU = Debug|Any CPU
		Release|Any CPU = Release|Any CPU
	EndGlobalSection
	GlobalSection(ProjectConfigurationPlatforms) = postSolution
		{0D68B4AB-2B9A-426B-9EEA-37E25DECA9A3}.Debug|Any CPU.ActiveCfg = Debug|Any CPU
		{0D68B4AB-2B9A-426B-9EEA-37E25DECA9A3}.Debug|Any CPU.Build.0 = Debug|Any CPU
		{0D68B4AB-2B9A-426B-9EEA-37E25DECA9A3}.Release|Any CPU.ActiveCfg = Release|Any CPU
		{0D68B4AB-2B9A-426B-9EEA-37E25DECA9A3}.Release|Any CPU.Build.0 = Release|Any CPU
	EndGlobalSection
	GlobalSection(SolutionProperties) = preSolution
		HideSolutionNode = FALSE
	EndGlobalSection
	GlobalSection(ExtensibilityGlobals) = postSolution
		SolutionGuid = {DB04D64D-0E8C-4C4B-9C48-80B7981A3B3C}
	EndGlobalSection
EndGlobal
