
Microsoft Visual Studio Solution File, Format Version 12.00
# Visual Studio Version 17
VisualStudioVersion = 17.6.33723.286
MinimumVisualStudioVersion = 10.0.40219.1
Project("{FAE04EC0-301F-11D3-BF4B-00C04F79EFBC}") = "PrimeiroProjeto", "PrimeiroProjeto\PrimeiroProjeto.csproj", "{F48DA503-B3FB-48B9-B03A-7A16D41C3C0E}"
EndProject
Global
	GlobalSection(SolutionConfigurationPlatforms) = preSolution
		Debug|Any CPU = Debug|Any CPU
		Release|Any CPU = Release|Any CPU
	EndGlobalSection
	GlobalSection(ProjectConfigurationPlatforms) = postSolution
		{F48DA503-B3FB-48B9-B03A-7A16D41C3C0E}.Debug|Any CPU.ActiveCfg = Debug|Any CPU
		{F48DA503-B3FB-48B9-B03A-7A16D41C3C0E}.Debug|Any CPU.Build.0 = Debug|Any CPU
		{F48DA503-B3FB-48B9-B03A-7A16D41C3C0E}.Release|Any CPU.ActiveCfg = Release|Any CPU
		{F48DA503-B3FB-48B9-B03A-7A16D41C3C0E}.Release|Any CPU.Build.0 = Release|Any CPU
	EndGlobalSection
	GlobalSection(SolutionProperties) = preSolution
		HideSolutionNode = FALSE
	EndGlobalSection
	GlobalSection(ExtensibilityGlobals) = postSolution
		SolutionGuid = {F431DB74-B1AD-4816-ACFC-35021457562B}
	EndGlobalSection
EndGlobal
